// !$*UTF8*$!
{
	archiveVersion = 1;
	classes = {
	};
	objectVersion = 77;
	objects = {

/* Begin PBXBuildFile section */
		F29F09072FE9613200983A0D /* frame.cpp in Sources */ = {isa = PBXBuildFile; fileRef = F29F09032FE9613200983A0D /* frame.cpp */; };
		F29F09082FE9613200983A0D /* tracker.cpp in Sources */ = {isa = PBXBuildFile; fileRef = F29F09042FE9613200983A0D /* tracker.cpp */; };
		F29F09092FE9613200983A0D /* tracker_config.cpp in Sources */ = {isa = PBXBuildFile; fileRef = F29F09052FE9613200983A0D /* tracker_config.cpp */; };
		F29F09122FE9614E00983A0D /* frame.hpp in Headers */ = {isa = PBXBuildFile; fileRef = F29F090B2FE9614E00983A0D /* frame.hpp */; };
		F29F09132FE9614E00983A0D /* types.hpp in Headers */ = {isa = PBXBuildFile; fileRef = F29F090C2FE9614E00983A0D /* types.hpp */; };
		F29F09142FE9614E00983A0D /* tracker.hpp in Headers */ = {isa = PBXBuildFile; fileRef = F29F090D2FE9614E00983A0D /* tracker.hpp */; };
		F29F09152FE9614E00983A0D /* tracker_config.hpp in Headers */ = {isa = PBXBuildFile; fileRef = F29F090E2FE9614E00983A0D /* tracker_config.hpp */; };
		F29F09182FE9614E00983A0D /* logger.hpp in Headers */ = {isa = PBXBuildFile; fileRef = F29F09112FE9614E00983A0D /* logger.hpp */; };
		F29F09232FE96F0200983A0D /* CoreVideo.framework in Frameworks */ = {isa = PBXBuildFile; fileRef = F29F09222FE96F0200983A0D /* CoreVideo.framework */; };
/* End PBXBuildFile section */

/* Begin PBXFileReference section */
		F29F08E42FE956BC00983A0D /* TagARKit.framework */ = {isa = PBXFileReference; explicitFileType = wrapper.framework; includeInIndex = 0; path = TagARKit.framework; sourceTree = BUILT_PRODUCTS_DIR; };
		F29F09032FE9613200983A0D /* frame.cpp */ = {isa = PBXFileReference; lastKnownFileType = sourcecode.cpp.cpp; name = frame.cpp; path = ../../../../cpp/src/frame.cpp; sourceTree = "<group>"; };
		F29F09042FE9613200983A0D /* tracker.cpp */ = {isa = PBXFileReference; lastKnownFileType = sourcecode.cpp.cpp; name = tracker.cpp; path = ../../../../cpp/src/tracker.cpp; sourceTree = "<group>"; };
		F29F09052FE9613200983A0D /* tracker_config.cpp */ = {isa = PBXFileReference; lastKnownFileType = sourcecode.cpp.cpp; name = tracker_config.cpp; path = ../../../../cpp/src/tracker_config.cpp; sourceTree = "<group>"; };
		F29F090B2FE9614E00983A0D /* frame.hpp */ = {isa = PBXFileReference; lastKnownFileType = sourcecode.cpp.h; name = frame.hpp; path = ../../../../cpp/include/tagar/frame.hpp; sourceTree = "<group>"; };
		F29F090C2FE9614E00983A0D /* types.hpp */ = {isa = PBXFileReference; lastKnownFileType = sourcecode.cpp.h; name = types.hpp; path = ../../../../cpp/include/tagar/types.hpp; sourceTree = "<group>"; };
		F29F090D2FE9614E00983A0D /* tracker.hpp */ = {isa = PBXFileReference; lastKnownFileType = sourcecode.cpp.h; name = tracker.hpp; path = ../../../../cpp/include/tagar/tracker.hpp; sourceTree = "<group>"; };
		F29F090E2FE9614E00983A0D /* tracker_config.hpp */ = {isa = PBXFileReference; lastKnownFileType = sourcecode.cpp.h; name = tracker_config.hpp; path = ../../../../cpp/include/tagar/tracker_config.hpp; sourceTree = "<group>"; };
		F29F09112FE9614E00983A0D /* logger.hpp */ = {isa = PBXFileReference; lastKnownFileType = sourcecode.cpp.h; name = logger.hpp; path = ../../../../cpp/include/tagar/logger.hpp; sourceTree = "<group>"; };
		F29F09222FE96F0200983A0D /* CoreVideo.framework */ = {isa = PBXFileReference; lastKnownFileType = wrapper.framework; name = CoreVideo.framework; path = Platforms/MacOSX.platform/Developer/SDKs/MacOSX26.5.sdk/System/Library/Frameworks/CoreVideo.framework; sourceTree = DEVELOPER_DIR; };
/* End PBXFileReference section */

/* Begin PBXFileSystemSynchronizedBuildFileExceptionSet section */
		F29F08E92FE956BC00983A0D /* Exceptions for "TagARKit" folder in "TagARKit" target */ = {
			isa = PBXFileSystemSynchronizedBuildFileExceptionSet;
			publicHeaders = (
				TagARKit.h,
			);
			target = F29F08E32FE956BC00983A0D /* TagARKit */;
		};
/* End PBXFileSystemSynchronizedBuildFileExceptionSet section */

/* Begin PBXFileSystemSynchronizedRootGroup section */
		F29F08E62FE956BC00983A0D /* TagARKit */ = {
			isa = PBXFileSystemSynchronizedRootGroup;
			exceptions = (
				F29F08E92FE956BC00983A0D /* Exceptions for "TagARKit" folder in "TagARKit" target */,
			);
			path = TagARKit;
			sourceTree = "<group>";
		};
/* End PBXFileSystemSynchronizedRootGroup section */

/* Begin PBXFrameworksBuildPhase section */
		F29F08E12FE956BC00983A0D /* Frameworks */ = {
			isa = PBXFrameworksBuildPhase;
			buildActionMask = 2147483647;
			files = (
				F29F09232FE96F0200983A0D /* CoreVideo.framework in Frameworks */,
			);
			runOnlyForDeploymentPostprocessing = 0;
		};
/* End PBXFrameworksBuildPhase section */

/* Begin PBXGroup section */
		F29F08DA2FE956BC00983A0D = {
			isa = PBXGroup;
			children = (
				F29F09192FE9616800983A0D /* include */,
				F29F091A2FE9618700983A0D /* src */,
				F29F08E62FE956BC00983A0D /* TagARKit */,
				F29F09212FE96F0200983A0D /* Frameworks */,
				F29F08E52FE956BC00983A0D /* Products */,
			);
			sourceTree = "<group>";
		};
		F29F08E52FE956BC00983A0D /* Products */ = {
			isa = PBXGroup;
			children = (
				F29F08E42FE956BC00983A0D /* TagARKit.framework */,
			);
			name = Products;
			sourceTree = "<group>";
		};
		F29F09192FE9616800983A0D /* include */ = {
			isa = PBXGroup;
			children = (
				F29F090B2FE9614E00983A0D /* frame.hpp */,
				F29F09112FE9614E00983A0D /* logger.hpp */,
				F29F090E2FE9614E00983A0D /* tracker_config.hpp */,
				F29F090D2FE9614E00983A0D /* tracker.hpp */,
				F29F090C2FE9614E00983A0D /* types.hpp */,
			);
			path = include;
			sourceTree = "<group>";
		};
		F29F091A2FE9618700983A0D /* src */ = {
			isa = PBXGroup;
			children = (
				F29F09032FE9613200983A0D /* frame.cpp */,
				F29F09042FE9613200983A0D /* tracker.cpp */,
				F29F09052FE9613200983A0D /* tracker_config.cpp */,
			);
			path = src;
			sourceTree = "<group>";
		};
		F29F09212FE96F0200983A0D /* Frameworks */ = {
			isa = PBXGroup;
			children = (
				F29F09222FE96F0200983A0D /* CoreVideo.framework */,
			);
			name = Frameworks;
			sourceTree = "<group>";
		};
/* End PBXGroup section */

/* Begin PBXHeadersBuildPhase section */
		F29F08DF2FE956BC00983A0D /* Headers */ = {
			isa = PBXHeadersBuildPhase;
			buildActionMask = 2147483647;
			files = (
				F29F09122FE9614E00983A0D /* frame.hpp in Headers */,
				F29F09132FE9614E00983A0D /* types.hpp in Headers */,
				F29F09142FE9614E00983A0D /* tracker.hpp in Headers */,
				F29F09152FE9614E00983A0D /* tracker_config.hpp in Headers */,
				F29F09182FE9614E00983A0D /* logger.hpp in Headers */,
			);
			runOnlyForDeploymentPostprocessing = 0;
		};
/* End PBXHeadersBuildPhase section */

/* Begin PBXNativeTarget section */
		F29F08E32FE956BC00983A0D /* TagARKit */ = {
			isa = PBXNativeTarget;
			buildConfigurationList = F29F08EA2FE956BC00983A0D /* Build configuration list for PBXNativeTarget "TagARKit" */;
			buildPhases = (
				F29F08DF2FE956BC00983A0D /* Headers */,
				F29F08E02FE956BC00983A0D /* Sources */,
				F29F08E12FE956BC00983A0D /* Frameworks */,
				F29F08E22FE956BC00983A0D /* Resources */,
			);
			buildRules = (
			);
			dependencies = (
			);
			fileSystemSynchronizedGroups = (
				F29F08E62FE956BC00983A0D /* TagARKit */,
			);
			name = TagARKit;
			packageProductDependencies = (
			);
			productName = TagARKit;
			productReference = F29F08E42FE956BC00983A0D /* TagARKit.framework */;
			productType = "com.apple.product-type.framework";
		};
/* End PBXNativeTarget section */

/* Begin PBXProject section */
		F29F08DB2FE956BC00983A0D /* Project object */ = {
			isa = PBXProject;
			attributes = {
				BuildIndependentTargetsInParallel = 1;
				LastUpgradeCheck = 2650;
				TargetAttributes = {
					F29F08E32FE956BC00983A0D = {
						CreatedOnToolsVersion = 26.5;
					};
				};
			};
			buildConfigurationList = F29F08DE2FE956BC00983A0D /* Build configuration list for PBXProject "TagARKit" */;
			developmentRegion = en;
			hasScannedForEncodings = 0;
			knownRegions = (
				en,
				Base,
			);
			mainGroup = F29F08DA2FE956BC00983A0D;
			minimizedProjectReferenceProxies = 1;
			preferredProjectObjectVersion = 77;
			productRefGroup = F29F08E52FE956BC00983A0D /* Products */;
			projectDirPath = "";
			projectRoot = "";
			targets = (
				F29F08E32FE956BC00983A0D /* TagARKit */,
			);
		};
/* End PBXProject section */

/* Begin PBXResourcesBuildPhase section */
		F29F08E22FE956BC00983A0D /* Resources */ = {
			isa = PBXResourcesBuildPhase;
			buildActionMask = 2147483647;
			files = (
			);
			runOnlyForDeploymentPostprocessing = 0;
		};
/* End PBXResourcesBuildPhase section */

/* Begin PBXSourcesBuildPhase section */
		F29F08E02FE956BC00983A0D /* Sources */ = {
			isa = PBXSourcesBuildPhase;
			buildActionMask = 2147483647;
			files = (
				F29F09072FE9613200983A0D /* frame.cpp in Sources */,
				F29F09082FE9613200983A0D /* tracker.cpp in Sources */,
				F29F09092FE9613200983A0D /* tracker_config.cpp in Sources */,
			);
			runOnlyForDeploymentPostprocessing = 0;
		};
/* End PBXSourcesBuildPhase section */

/* Begin XCBuildConfiguration section */
		F29F08EB2FE956BC00983A0D /* Debug */ = {
			isa = XCBuildConfiguration;
			buildSettings = {
				CODE_SIGN_STYLE = Automatic;
				CURRENT_PROJECT_VERSION = 1;
				DEFINES_MODULE = YES;
				DEVELOPMENT_TEAM = 485Q9T2R2F;
				DYLIB_COMPATIBILITY_VERSION = 1;
				DYLIB_CURRENT_VERSION = 1;
				DYLIB_INSTALL_NAME_BASE = "@rpath";
				ENABLE_MODULE_VERIFIER = YES;
				GCC_PREPROCESSOR_DEFINITIONS = (
					"DEBUG=1",
					"$(inherited)",
				);
				GENERATE_INFOPLIST_FILE = YES;
				INFOPLIST_KEY_NSHumanReadableCopyright = "";
				INSTALL_PATH = "$(LOCAL_LIBRARY_DIR)/Frameworks";
				LD_RUNPATH_SEARCH_PATHS = (
					"$(inherited)",
					"@executable_path/Frameworks",
					"@loader_path/Frameworks",
				);
				MARKETING_VERSION = 1.0;
				MODULE_VERIFIER_SUPPORTED_LANGUAGES = "objective-c objective-c++";
				MODULE_VERIFIER_SUPPORTED_LANGUAGE_STANDARDS = "gnu17 gnu++20";
				PRODUCT_BUNDLE_IDENTIFIER = yunsukjeung.TagARKit;
				PRODUCT_NAME = "$(TARGET_NAME:c99extidentifier)";
				SKIP_INSTALL = YES;
				STRING_CATALOG_GENERATE_SYMBOLS = YES;
				SWIFT_EMIT_LOC_STRINGS = YES;
				TARGETED_DEVICE_FAMILY = "1,2";
			};
			name = Debug;
		};
		F29F08EC2FE956BC00983A0D /* Release */ = {
			isa = XCBuildConfiguration;
			buildSettings = {
				CODE_SIGN_STYLE = Automatic;
				CURRENT_PROJECT_VERSION = 1;
				DEFINES_MODULE = YES;
				DEVELOPMENT_TEAM = 485Q9T2R2F;
				DYLIB_COMPATIBILITY_VERSION = 1;
				DYLIB_CURRENT_VERSION = 1;
				DYLIB_INSTALL_NAME_BASE = "@rpath";
				ENABLE_MODULE_VERIFIER = YES;
				GCC_PREPROCESSOR_DEFINITIONS = "$(inherited)";
				GENERATE_INFOPLIST_FILE = YES;
				INFOPLIST_KEY_NSHumanReadableCopyright = "";
				INSTALL_PATH = "$(LOCAL_LIBRARY_DIR)/Frameworks";
				LD_RUNPATH_SEARCH_PATHS = (
					"$(inherited)",
					"@executable_path/Frameworks",
					"@loader_path/Frameworks",
				);
				MARKETING_VERSION = 1.0;
				MODULE_VERIFIER_SUPPORTED_LANGUAGES = "objective-c objective-c++";
				MODULE_VERIFIER_SUPPORTED_LANGUAGE_STANDARDS = "gnu17 gnu++20";
				PRODUCT_BUNDLE_IDENTIFIER = yunsukjeung.TagARKit;
				PRODUCT_NAME = "$(TARGET_NAME:c99extidentifier)";
				SKIP_INSTALL = YES;
				STRING_CATALOG_GENERATE_SYMBOLS = YES;
				SWIFT_EMIT_LOC_STRINGS = YES;
				TARGETED_DEVICE_FAMILY = "1,2";
			};
			name = Release;
		};
		F29F08ED2FE956BC00983A0D /* Debug */ = {
			isa = XCBuildConfiguration;
			buildSettings = {
				ALWAYS_SEARCH_USER_PATHS = NO;
				ASSETCATALOG_COMPILER_GENERATE_SWIFT_ASSET_SYMBOL_EXTENSIONS = YES;
				CLANG_ANALYZER_NONNULL = YES;
				CLANG_ANALYZER_NUMBER_OBJECT_CONVERSION = YES_AGGRESSIVE;
				CLANG_CXX_LANGUAGE_STANDARD = "gnu++20";
				CLANG_ENABLE_MODULES = YES;
				CLANG_ENABLE_OBJC_ARC = YES;
				CLANG_ENABLE_OBJC_WEAK = YES;
				CLANG_WARN_BLOCK_CAPTURE_AUTORELEASING = YES;
				CLANG_WARN_BOOL_CONVERSION = YES;
				CLANG_WARN_COMMA = YES;
				CLANG_WARN_CONSTANT_CONVERSION = YES;
				CLANG_WARN_DEPRECATED_OBJC_IMPLEMENTATIONS = YES;
				CLANG_WARN_DIRECT_OBJC_ISA_USAGE = YES_ERROR;
				CLANG_WARN_DOCUMENTATION_COMMENTS = YES;
				CLANG_WARN_EMPTY_BODY = YES;
				CLANG_WARN_ENUM_CONVERSION = YES;
				CLANG_WARN_INFINITE_RECURSION = YES;
				CLANG_WARN_INT_CONVERSION = YES;
				CLANG_WARN_NON_LITERAL_NULL_CONVERSION = YES;
				CLANG_WARN_OBJC_IMPLICIT_RETAIN_SELF = YES;
				CLANG_WARN_OBJC_LITERAL_CONVERSION = YES;
				CLANG_WARN_OBJC_ROOT_CLASS = YES_ERROR;
				CLANG_WARN_QUOTED_INCLUDE_IN_FRAMEWORK_HEADER = YES;
				CLANG_WARN_RANGE_LOOP_ANALYSIS = YES;
				CLANG_WARN_STRICT_PROTOTYPES = YES;
				CLANG_WARN_SUSPICIOUS_MOVE = YES;
				CLANG_WARN_UNGUARDED_AVAILABILITY = YES_AGGRESSIVE;
				CLANG_WARN_UNREACHABLE_CODE = YES;
				CLANG_WARN__DUPLICATE_METHOD_MATCH = YES;
				COPY_PHASE_STRIP = NO;
				CURRENT_PROJECT_VERSION = 1;
				DEBUG_INFORMATION_FORMAT = dwarf;
				DEVELOPMENT_TEAM = 485Q9T2R2F;
				ENABLE_STRICT_OBJC_MSGSEND = YES;
				ENABLE_TESTABILITY = YES;
				ENABLE_USER_SCRIPT_SANDBOXING = YES;
				GCC_C_LANGUAGE_STANDARD = gnu17;
				GCC_DYNAMIC_NO_PIC = NO;
				GCC_NO_COMMON_BLOCKS = YES;
				GCC_OPTIMIZATION_LEVEL = 0;
				GCC_PREPROCESSOR_DEFINITIONS = (
					"DEBUG=1",
					SPDLOG_USE_STD_FORMAT,
					SPDLOG_COMPILED_LIB,
					"$(inherited)",
				);
				GCC_WARN_64_TO_32_BIT_CONVERSION = YES;
				GCC_WARN_ABOUT_RETURN_TYPE = YES_ERROR;
				GCC_WARN_UNDECLARED_SELECTOR = YES;
				GCC_WARN_UNINITIALIZED_AUTOS = YES_AGGRESSIVE;
				GCC_WARN_UNUSED_FUNCTION = YES;
				GCC_WARN_UNUSED_VARIABLE = YES;
				HEADER_SEARCH_PATHS = (
					"\"$(SRCROOT)/../../../libs/ios/release/include/eigen3\"",
					"\"$(SRCROOT)/../../../libs/ios/release/include/opencv4\"",
					"\"$(SRCROOT)/../../../libs/ios/release/include/sophus\"",
					"\"$(SRCROOT)/../../../libs/ios/release/include/spdlog\"",
					"\"$(SRCROOT)/../../../libs/ios/release/include\"",
					"\"$(SRCROOT)/../../../cpp/include\"",
				);
				IPHONEOS_DEPLOYMENT_TARGET = 26.5;
				LIBRARY_SEARCH_PATHS = (
					"\"$(SRCROOT)/../../../libs/ios/release/lib\"",
					"\"$(SRCROOT)/../../../libs/ios/release/lib/opencv4/3rdparty\"",
				);
				LOCALIZATION_PREFERS_STRING_CATALOGS = YES;
				MTL_ENABLE_DEBUG_INFO = INCLUDE_SOURCE;
				MTL_FAST_MATH = YES;
				ONLY_ACTIVE_ARCH = YES;
				OTHER_LDFLAGS = (
					"-lopencv_world",
					"-lspdlog",
					"-llibpng",
					"-llibjpeg-turbo",
					"-llibwebp",
					"-lzlib",
					"-littnotify",
					"-lkleidicv",
					"-lkleidicv_hal",
					"-lkleidicv_thread",
				);
				SDKROOT = iphoneos;
				VERSIONING_SYSTEM = "apple-generic";
				VERSION_INFO_PREFIX = "";
			};
			name = Debug;
		};
		F29F08EE2FE956BC00983A0D /* Release */ = {
			isa = XCBuildConfiguration;
			buildSettings = {
				ALWAYS_SEARCH_USER_PATHS = NO;
				ASSETCATALOG_COMPILER_GENERATE_SWIFT_ASSET_SYMBOL_EXTENSIONS = YES;
				CLANG_ANALYZER_NONNULL = YES;
				CLANG_ANALYZER_NUMBER_OBJECT_CONVERSION = YES_AGGRESSIVE;
				CLANG_CXX_LANGUAGE_STANDARD = "gnu++20";
				CLANG_ENABLE_MODULES = YES;
				CLANG_ENABLE_OBJC_ARC = YES;
				CLANG_ENABLE_OBJC_WEAK = YES;
				CLANG_WARN_BLOCK_CAPTURE_AUTORELEASING = YES;
				CLANG_WARN_BOOL_CONVERSION = YES;
				CLANG_WARN_COMMA = YES;
				CLANG_WARN_CONSTANT_CONVERSION = YES;
				CLANG_WARN_DEPRECATED_OBJC_IMPLEMENTATIONS = YES;
				CLANG_WARN_DIRECT_OBJC_ISA_USAGE = YES_ERROR;
				CLANG_WARN_DOCUMENTATION_COMMENTS = YES;
				CLANG_WARN_EMPTY_BODY = YES;
				CLANG_WARN_ENUM_CONVERSION = YES;
				CLANG_WARN_INFINITE_RECURSION = YES;
				CLANG_WARN_INT_CONVERSION = YES;
				CLANG_WARN_NON_LITERAL_NULL_CONVERSION = YES;
				CLANG_WARN_OBJC_IMPLICIT_RETAIN_SELF = YES;
				CLANG_WARN_OBJC_LITERAL_CONVERSION = YES;
				CLANG_WARN_OBJC_ROOT_CLASS = YES_ERROR;
				CLANG_WARN_QUOTED_INCLUDE_IN_FRAMEWORK_HEADER = YES;
				CLANG_WARN_RANGE_LOOP_ANALYSIS = YES;
				CLANG_WARN_STRICT_PROTOTYPES = YES;
				CLANG_WARN_SUSPICIOUS_MOVE = YES;
				CLANG_WARN_UNGUARDED_AVAILABILITY = YES_AGGRESSIVE;
				CLANG_WARN_UNREACHABLE_CODE = YES;
				CLANG_WARN__DUPLICATE_METHOD_MATCH = YES;
				COPY_PHASE_STRIP = NO;
				CURRENT_PROJECT_VERSION = 1;
				DEBUG_INFORMATION_FORMAT = "dwarf-with-dsym";
				DEVELOPMENT_TEAM = 485Q9T2R2F;
				ENABLE_NS_ASSERTIONS = NO;
				ENABLE_STRICT_OBJC_MSGSEND = YES;
				ENABLE_USER_SCRIPT_SANDBOXING = YES;
				GCC_C_LANGUAGE_STANDARD = gnu17;
				GCC_NO_COMMON_BLOCKS = YES;
				GCC_PREPROCESSOR_DEFINITIONS = (
					SPDLOG_COMPILED_LIB,
					SPDLOG_USE_STD_FORMAT,
				);
				GCC_WARN_64_TO_32_BIT_CONVERSION = YES;
				GCC_WARN_ABOUT_RETURN_TYPE = YES_ERROR;
				GCC_WARN_UNDECLARED_SELECTOR = YES;
				GCC_WARN_UNINITIALIZED_AUTOS = YES_AGGRESSIVE;
				GCC_WARN_UNUSED_FUNCTION = YES;
				GCC_WARN_UNUSED_VARIABLE = YES;
				HEADER_SEARCH_PATHS = (
					"\"$(SRCROOT)/../../../libs/ios/release/include/eigen3\"",
					"\"$(SRCROOT)/../../../libs/ios/release/include/opencv4\"",
					"\"$(SRCROOT)/../../../libs/ios/release/include/sophus\"",
					"\"$(SRCROOT)/../../../libs/ios/release/include/spdlog\"",
					"\"$(SRCROOT)/../../../libs/ios/release/include\"",
					"\"$(SRCROOT)/../../../cpp/include\"",
				);
				IPHONEOS_DEPLOYMENT_TARGET = 26.5;
				LIBRARY_SEARCH_PATHS = (
					"\"$(SRCROOT)/../../../libs/ios/release/lib\"",
					"\"$(SRCROOT)/../../../libs/ios/release/lib/opencv4/3rdparty\"",
				);
				LOCALIZATION_PREFERS_STRING_CATALOGS = YES;
				MTL_ENABLE_DEBUG_INFO = NO;
				MTL_FAST_MATH = YES;
				OTHER_LDFLAGS = (
					"-lopencv_world",
					"-lspdlog",
					"-llibpng",
					"-llibjpeg-turbo",
					"-llibwebp",
					"-lzlib",
					"-littnotify",
					"-lkleidicv",
					"-lkleidicv_hal",
					"-lkleidicv_thread",
				);
				SDKROOT = iphoneos;
				VALIDATE_PRODUCT = YES;
				VERSIONING_SYSTEM = "apple-generic";
				VERSION_INFO_PREFIX = "";
			};
			name = Release;
		};
/* End XCBuildConfiguration section */

/* Begin XCConfigurationList section */
		F29F08DE2FE956BC00983A0D /* Build configuration list for PBXProject "TagARKit" */ = {
			isa = XCConfigurationList;
			buildConfigurations = (
				F29F08ED2FE956BC00983A0D /* Debug */,
				F29F08EE2FE956BC00983A0D /* Release */,
			);
			defaultConfigurationIsVisible = 0;
			defaultConfigurationName = Release;
		};
		F29F08EA2FE956BC00983A0D /* Build configuration list for PBXNativeTarget "TagARKit" */ = {
			isa = XCConfigurationList;
			buildConfigurations = (
				F29F08EB2FE956BC00983A0D /* Debug */,
				F29F08EC2FE956BC00983A0D /* Release */,
			);
			defaultConfigurationIsVisible = 0;
			defaultConfigurationName = Release;
		};
/* End XCConfigurationList section */
	};
	rootObject = F29F08DB2FE956BC00983A0D /* Project object */;
}
