// !$*UTF8*$!
{
	archiveVersion = 1;
	classes = {
	};
	objectVersion = 77;
	objects = {

/* Begin PBXBuildFile section */
		F29F08F42FE95A5500983A0D /* TagARKit.framework in Frameworks */ = {isa = PBXBuildFile; fileRef = F29F08F22FE958D300983A0D /* TagARKit.framework */; };
		F29F08F52FE95A5500983A0D /* TagARKit.framework in Embed Frameworks */ = {isa = PBXBuildFile; fileRef = F29F08F22FE958D300983A0D /* TagARKit.framework */; settings = {ATTRIBUTES = (RemoveHeadersOnCopy, ); }; };
		F29F094C2FE9896E00983A0D /* 1.png in Resources */ = {isa = PBXBuildFile; fileRef = F29F09432FE9896E00983A0D /* 1.png */; };
		F29F094D2FE9896E00983A0D /* 3.png in Resources */ = {isa = PBXBuildFile; fileRef = F29F09452FE9896E00983A0D /* 3.png */; };
		F29F094E2FE9896E00983A0D /* 7.png in Resources */ = {isa = PBXBuildFile; fileRef = F29F09492FE9896E00983A0D /* 7.png */; };
		F29F094F2FE9896E00983A0D /* 2.png in Resources */ = {isa = PBXBuildFile; fileRef = F29F09442FE9896E00983A0D /* 2.png */; };
		F29F09502FE9896E00983A0D /* 4.png in Resources */ = {isa = PBXBuildFile; fileRef = F29F09462FE9896E00983A0D /* 4.png */; };
		F29F09512FE9896E00983A0D /* 5.png in Resources */ = {isa = PBXBuildFile; fileRef = F29F09472FE9896E00983A0D /* 5.png */; };
		F29F09522FE9896E00983A0D /* 6.png in Resources */ = {isa = PBXBuildFile; fileRef = F29F09482FE9896E00983A0D /* 6.png */; };
		F29F09532FE9896E00983A0D /* 9.png in Resources */ = {isa = PBXBuildFile; fileRef = F29F094B2FE9896E00983A0D /* 9.png */; };
		F29F09542FE9896E00983A0D /* 8.png in Resources */ = {isa = PBXBuildFile; fileRef = F29F094A2FE9896E00983A0D /* 8.png */; };
		F29F09552FE9896E00983A0D /* 0.png in Resources */ = {isa = PBXBuildFile; fileRef = F29F09422FE9896E00983A0D /* 0.png */; };
		F29F095B2FE99C3900983A0D /* tracker.json in Resources */ = {isa = PBXBuildFile; fileRef = F29F095A2FE99C3900983A0D /* tracker.json */; };
		F29F09632FEADCC000983A0D /* tracker.json in Resources */ = {isa = PBXBuildFile; fileRef = F29F09622FEADCC000983A0D /* tracker.json */; };
/* End PBXBuildFile section */

/* Begin PBXCopyFilesBuildPhase section */
		F29F08F62FE95A5500983A0D /* Embed Frameworks */ = {
			isa = PBXCopyFilesBuildPhase;
			buildActionMask = 2147483647;
			dstPath = "";
			dstSubfolderSpec = 10;
			files = (
				F29F08F52FE95A5500983A0D /* TagARKit.framework in Embed Frameworks */,
			);
			name = "Embed Frameworks";
			runOnlyForDeploymentPostprocessing = 0;
		};
/* End PBXCopyFilesBuildPhase section */

/* Begin PBXFileReference section */
		F29F08F22FE958D300983A0D /* TagARKit.framework */ = {isa = PBXFileReference; explicitFileType = wrapper.framework; path = TagARKit.framework; sourceTree = BUILT_PRODUCTS_DIR; };
		F29F09422FE9896E00983A0D /* 0.png */ = {isa = PBXFileReference; lastKnownFileType = image.png; name = 0.png; path = "/Users/yunsuk/workspace/tag-ar/assets/0.png"; sourceTree = "<absolute>"; };
		F29F09432FE9896E00983A0D /* 1.png */ = {isa = PBXFileReference; lastKnownFileType = image.png; name = 1.png; path = "/Users/yunsuk/workspace/tag-ar/assets/1.png"; sourceTree = "<absolute>"; };
		F29F09442FE9896E00983A0D /* 2.png */ = {isa = PBXFileReference; lastKnownFileType = image.png; name = 2.png; path = "/Users/yunsuk/workspace/tag-ar/assets/2.png"; sourceTree = "<absolute>"; };
		F29F09452FE9896E00983A0D /* 3.png */ = {isa = PBXFileReference; lastKnownFileType = image.png; name = 3.png; path = "/Users/yunsuk/workspace/tag-ar/assets/3.png"; sourceTree = "<absolute>"; };
		F29F09462FE9896E00983A0D /* 4.png */ = {isa = PBXFileReference; lastKnownFileType = image.png; name = 4.png; path = "/Users/yunsuk/workspace/tag-ar/assets/4.png"; sourceTree = "<absolute>"; };
		F29F09472FE9896E00983A0D /* 5.png */ = {isa = PBXFileReference; lastKnownFileType = image.png; name = 5.png; path = "/Users/yunsuk/workspace/tag-ar/assets/5.png"; sourceTree = "<absolute>"; };
		F29F09482FE9896E00983A0D /* 6.png */ = {isa = PBXFileReference; lastKnownFileType = image.png; name = 6.png; path = "/Users/yunsuk/workspace/tag-ar/assets/6.png"; sourceTree = "<absolute>"; };
		F29F09492FE9896E00983A0D /* 7.png */ = {isa = PBXFileReference; lastKnownFileType = image.png; name = 7.png; path = "/Users/yunsuk/workspace/tag-ar/assets/7.png"; sourceTree = "<absolute>"; };
		F29F094A2FE9896E00983A0D /* 8.png */ = {isa = PBXFileReference; lastKnownFileType = image.png; name = 8.png; path = "/Users/yunsuk/workspace/tag-ar/assets/8.png"; sourceTree = "<absolute>"; };
		F29F094B2FE9896E00983A0D /* 9.png */ = {isa = PBXFileReference; lastKnownFileType = image.png; name = 9.png; path = "/Users/yunsuk/workspace/tag-ar/assets/9.png"; sourceTree = "<absolute>"; };
		F29F095A2FE99C3900983A0D /* tracker.json */ = {isa = PBXFileReference; lastKnownFileType = text.json; name = tracker.json; path = "/Users/yunsuk/workspace/tag-ar/config/tracker.json"; sourceTree = "<absolute>"; };
		F29F09622FEADCC000983A0D /* tracker.json */ = {isa = PBXFileReference; lastKnownFileType = text.json; name = tracker.json; path = "/Users/yunsuk/workspace/tag-ar/config/tracker.json"; sourceTree = "<absolute>"; };
		F2B35D2D2FE659AB004857E6 /* tag_ar_app.app */ = {isa = PBXFileReference; explicitFileType = wrapper.application; includeInIndex = 0; path = tag_ar_app.app; sourceTree = BUILT_PRODUCTS_DIR; };
/* End PBXFileReference section */

/* Begin PBXFileSystemSynchronizedBuildFileExceptionSet section */
		F2B35D452FE659AB004857E6 /* Exceptions for "tag_ar_app" folder in "tag_ar_app" target */ = {
			isa = PBXFileSystemSynchronizedBuildFileExceptionSet;
			membershipExceptions = (
				Info.plist,
			);
			target = F2B35D2C2FE659AB004857E6 /* tag_ar_app */;
		};
/* End PBXFileSystemSynchronizedBuildFileExceptionSet section */

/* Begin PBXFileSystemSynchronizedRootGroup section */
		F2B35D2F2FE659AB004857E6 /* tag_ar_app */ = {
			isa = PBXFileSystemSynchronizedRootGroup;
			exceptions = (
				F2B35D452FE659AB004857E6 /* Exceptions for "tag_ar_app" folder in "tag_ar_app" target */,
			);
			path = tag_ar_app;
			sourceTree = "<group>";
		};
/* End PBXFileSystemSynchronizedRootGroup section */

/* Begin PBXFrameworksBuildPhase section */
		F2B35D2A2FE659AB004857E6 /* Frameworks */ = {
			isa = PBXFrameworksBuildPhase;
			buildActionMask = 2147483647;
			files = (
				F29F08F42FE95A5500983A0D /* TagARKit.framework in Frameworks */,
			);
			runOnlyForDeploymentPostprocessing = 0;
		};
/* End PBXFrameworksBuildPhase section */

/* Begin PBXGroup section */
		F29F08F12FE958D300983A0D /* Frameworks */ = {
			isa = PBXGroup;
			children = (
				F29F08F22FE958D300983A0D /* TagARKit.framework */,
			);
			name = Frameworks;
			sourceTree = "<group>";
		};
		F29F09412FE9895900983A0D /* asset */ = {
			isa = PBXGroup;
			children = (
				F29F095A2FE99C3900983A0D /* tracker.json */,
				F29F09422FE9896E00983A0D /* 0.png */,
				F29F09432FE9896E00983A0D /* 1.png */,
				F29F09442FE9896E00983A0D /* 2.png */,
				F29F09452FE9896E00983A0D /* 3.png */,
				F29F09462FE9896E00983A0D /* 4.png */,
				F29F09472FE9896E00983A0D /* 5.png */,
				F29F09482FE9896E00983A0D /* 6.png */,
				F29F09492FE9896E00983A0D /* 7.png */,
				F29F094A2FE9896E00983A0D /* 8.png */,
				F29F094B2FE9896E00983A0D /* 9.png */,
				F29F09622FEADCC000983A0D /* tracker.json */,
			);
			path = asset;
			sourceTree = "<group>";
		};
		F2B35D242FE659AB004857E6 = {
			isa = PBXGroup;
			children = (
				F29F09412FE9895900983A0D /* asset */,
				F2B35D2F2FE659AB004857E6 /* tag_ar_app */,
				F29F08F12FE958D300983A0D /* Frameworks */,
				F2B35D2E2FE659AB004857E6 /* Products */,
			);
			sourceTree = "<group>";
		};
		F2B35D2E2FE659AB004857E6 /* Products */ = {
			isa = PBXGroup;
			children = (
				F2B35D2D2FE659AB004857E6 /* tag_ar_app.app */,
			);
			name = Products;
			sourceTree = "<group>";
		};
/* End PBXGroup section */

/* Begin PBXNativeTarget section */
		F2B35D2C2FE659AB004857E6 /* tag_ar_app */ = {
			isa = PBXNativeTarget;
			buildConfigurationList = F2B35D462FE659AB004857E6 /* Build configuration list for PBXNativeTarget "tag_ar_app" */;
			buildPhases = (
				F2B35D292FE659AB004857E6 /* Sources */,
				F2B35D2A2FE659AB004857E6 /* Frameworks */,
				F2B35D2B2FE659AB004857E6 /* Resources */,
				F29F08F62FE95A5500983A0D /* Embed Frameworks */,
			);
			buildRules = (
			);
			dependencies = (
			);
			fileSystemSynchronizedGroups = (
				F2B35D2F2FE659AB004857E6 /* tag_ar_app */,
			);
			name = tag_ar_app;
			packageProductDependencies = (
			);
			productName = tag_ar_app;
			productReference = F2B35D2D2FE659AB004857E6 /* tag_ar_app.app */;
			productType = "com.apple.product-type.application";
		};
/* End PBXNativeTarget section */

/* Begin PBXProject section */
		F2B35D252FE659AB004857E6 /* Project object */ = {
			isa = PBXProject;
			attributes = {
				BuildIndependentTargetsInParallel = 1;
				LastSwiftUpdateCheck = 2650;
				LastUpgradeCheck = 2650;
				TargetAttributes = {
					F2B35D2C2FE659AB004857E6 = {
						CreatedOnToolsVersion = 26.5;
					};
				};
			};
			buildConfigurationList = F2B35D282FE659AB004857E6 /* Build configuration list for PBXProject "tag_ar_app" */;
			developmentRegion = en;
			hasScannedForEncodings = 0;
			knownRegions = (
				en,
				Base,
			);
			mainGroup = F2B35D242FE659AB004857E6;
			minimizedProjectReferenceProxies = 1;
			preferredProjectObjectVersion = 77;
			productRefGroup = F2B35D2E2FE659AB004857E6 /* Products */;
			projectDirPath = "";
			projectRoot = "";
			targets = (
				F2B35D2C2FE659AB004857E6 /* tag_ar_app */,
			);
		};
/* End PBXProject section */

/* Begin PBXResourcesBuildPhase section */
		F2B35D2B2FE659AB004857E6 /* Resources */ = {
			isa = PBXResourcesBuildPhase;
			buildActionMask = 2147483647;
			files = (
				F29F094C2FE9896E00983A0D /* 1.png in Resources */,
				F29F094D2FE9896E00983A0D /* 3.png in Resources */,
				F29F094E2FE9896E00983A0D /* 7.png in Resources */,
				F29F094F2FE9896E00983A0D /* 2.png in Resources */,
				F29F09502FE9896E00983A0D /* 4.png in Resources */,
				F29F09632FEADCC000983A0D /* tracker.json in Resources */,
				F29F09512FE9896E00983A0D /* 5.png in Resources */,
				F29F09522FE9896E00983A0D /* 6.png in Resources */,
				F29F095B2FE99C3900983A0D /* tracker.json in Resources */,
				F29F09532FE9896E00983A0D /* 9.png in Resources */,
				F29F09542FE9896E00983A0D /* 8.png in Resources */,
				F29F09552FE9896E00983A0D /* 0.png in Resources */,
			);
			runOnlyForDeploymentPostprocessing = 0;
		};
/* End PBXResourcesBuildPhase section */

/* Begin PBXSourcesBuildPhase section */
		F2B35D292FE659AB004857E6 /* Sources */ = {
			isa = PBXSourcesBuildPhase;
			buildActionMask = 2147483647;
			files = (
			);
			runOnlyForDeploymentPostprocessing = 0;
		};
/* End PBXSourcesBuildPhase section */

/* Begin XCBuildConfiguration section */
		F2B35D472FE659AB004857E6 /* Debug */ = {
			isa = XCBuildConfiguration;
			buildSettings = {
				ASSETCATALOG_COMPILER_APPICON_NAME = AppIcon;
				ASSETCATALOG_COMPILER_GLOBAL_ACCENT_COLOR_NAME = AccentColor;
				CODE_SIGN_STYLE = Automatic;
				CURRENT_PROJECT_VERSION = 1;
				DEVELOPMENT_TEAM = 485Q9T2R2F;
				GENERATE_INFOPLIST_FILE = YES;
				INFOPLIST_FILE = tag_ar_app/Info.plist;
				INFOPLIST_KEY_NSCameraUsageDescription = CAMERA_USAGE_DESCRIPTION;
				INFOPLIST_KEY_UIApplicationSupportsIndirectInputEvents = YES;
				INFOPLIST_KEY_UILaunchStoryboardName = LaunchScreen;
				INFOPLIST_KEY_UIMainStoryboardFile = Main;
				INFOPLIST_KEY_UIRequiredDeviceCapabilities = "arkit metal";
				INFOPLIST_KEY_UIStatusBarHidden = YES;
				INFOPLIST_KEY_UISupportedInterfaceOrientations = UIInterfaceOrientationLandscapeRight;
				INFOPLIST_KEY_UISupportedInterfaceOrientations_iPad = UIInterfaceOrientationLandscapeRight;
				INFOPLIST_KEY_UISupportedInterfaceOrientations_iPhone = UIInterfaceOrientationLandscapeRight;
				LD_RUNPATH_SEARCH_PATHS = (
					"$(inherited)",
					"@executable_path/Frameworks",
				);
				MARKETING_VERSION = 1.0;
				PRODUCT_BUNDLE_IDENTIFIER = "yunsukjeung.tag-ar-app";
				PRODUCT_NAME = "$(TARGET_NAME)";
				STRING_CATALOG_GENERATE_SYMBOLS = YES;
				SWIFT_APPROACHABLE_CONCURRENCY = YES;
				SWIFT_DEFAULT_ACTOR_ISOLATION = MainActor;
				SWIFT_EMIT_LOC_STRINGS = YES;
				SWIFT_OBJC_BRIDGING_HEADER = "tag_ar_app/tag_ar_app-Bridging-Header.h";
				SWIFT_UPCOMING_FEATURE_MEMBER_IMPORT_VISIBILITY = YES;
				SWIFT_VERSION = 5.0;
				TARGETED_DEVICE_FAMILY = "1,2";
			};
			name = Debug;
		};
		F2B35D482FE659AB004857E6 /* Release */ = {
			isa = XCBuildConfiguration;
			buildSettings = {
				ASSETCATALOG_COMPILER_APPICON_NAME = AppIcon;
				ASSETCATALOG_COMPILER_GLOBAL_ACCENT_COLOR_NAME = AccentColor;
				CODE_SIGN_STYLE = Automatic;
				CURRENT_PROJECT_VERSION = 1;
				DEVELOPMENT_TEAM = 485Q9T2R2F;
				GENERATE_INFOPLIST_FILE = YES;
				INFOPLIST_FILE = tag_ar_app/Info.plist;
				INFOPLIST_KEY_NSCameraUsageDescription = CAMERA_USAGE_DESCRIPTION;
				INFOPLIST_KEY_UIApplicationSupportsIndirectInputEvents = YES;
				INFOPLIST_KEY_UILaunchStoryboardName = LaunchScreen;
				INFOPLIST_KEY_UIMainStoryboardFile = Main;
				INFOPLIST_KEY_UIRequiredDeviceCapabilities = "arkit metal";
				INFOPLIST_KEY_UIStatusBarHidden = YES;
				INFOPLIST_KEY_UISupportedInterfaceOrientations = UIInterfaceOrientationLandscapeRight;
				INFOPLIST_KEY_UISupportedInterfaceOrientations_iPad = UIInterfaceOrientationLandscapeRight;
				INFOPLIST_KEY_UISupportedInterfaceOrientations_iPhone = UIInterfaceOrientationLandscapeRight;
				LD_RUNPATH_SEARCH_PATHS = (
					"$(inherited)",
					"@executable_path/Frameworks",
				);
				MARKETING_VERSION = 1.0;
				PRODUCT_BUNDLE_IDENTIFIER = "yunsukjeung.tag-ar-app";
				PRODUCT_NAME = "$(TARGET_NAME)";
				STRING_CATALOG_GENERATE_SYMBOLS = YES;
				SWIFT_APPROACHABLE_CONCURRENCY = YES;
				SWIFT_DEFAULT_ACTOR_ISOLATION = MainActor;
				SWIFT_EMIT_LOC_STRINGS = YES;
				SWIFT_OBJC_BRIDGING_HEADER = "tag_ar_app/tag_ar_app-Bridging-Header.h";
				SWIFT_UPCOMING_FEATURE_MEMBER_IMPORT_VISIBILITY = YES;
				SWIFT_VERSION = 5.0;
				TARGETED_DEVICE_FAMILY = "1,2";
			};
			name = Release;
		};
		F2B35D492FE659AB004857E6 /* Debug */ = {
			isa = XCBuildConfiguration;
			buildSettings = {
				ALWAYS_SEARCH_USER_PATHS = NO;
				ASSETCATALOG_COMPILER_GENERATE_SWIFT_ASSET_SYMBOL_EXTENSIONS = YES;
				CLANG_ANALYZER_NONNULL = YES;
				CLANG_ANALYZER_NUMBER_OBJECT_CONVERSION = YES_AGGRESSIVE;
				CLANG_CXX_LANGUAGE_STANDARD = "gnu++20";
				CLANG_ENABLE_MODULES = YES;
				CLANG_ENABLE_OBJC_ARC = YES;
				CLANG_ENABLE_OBJC_WEAK = YES;
				CLANG_WARN_BLOCK_CAPTURE_AUTORELEASING = YES;
				CLANG_WARN_BOOL_CONVERSION = YES;
				CLANG_WARN_COMMA = YES;
				CLANG_WARN_CONSTANT_CONVERSION = YES;
				CLANG_WARN_DEPRECATED_OBJC_IMPLEMENTATIONS = YES;
				CLANG_WARN_DIRECT_OBJC_ISA_USAGE = YES_ERROR;
				CLANG_WARN_DOCUMENTATION_COMMENTS = YES;
				CLANG_WARN_EMPTY_BODY = YES;
				CLANG_WARN_ENUM_CONVERSION = YES;
				CLANG_WARN_INFINITE_RECURSION = YES;
				CLANG_WARN_INT_CONVERSION = YES;
				CLANG_WARN_NON_LITERAL_NULL_CONVERSION = YES;
				CLANG_WARN_OBJC_IMPLICIT_RETAIN_SELF = YES;
				CLANG_WARN_OBJC_LITERAL_CONVERSION = YES;
				CLANG_WARN_OBJC_ROOT_CLASS = YES_ERROR;
				CLANG_WARN_QUOTED_INCLUDE_IN_FRAMEWORK_HEADER = YES;
				CLANG_WARN_RANGE_LOOP_ANALYSIS = YES;
				CLANG_WARN_STRICT_PROTOTYPES = YES;
				CLANG_WARN_SUSPICIOUS_MOVE = YES;
				CLANG_WARN_UNGUARDED_AVAILABILITY = YES_AGGRESSIVE;
				CLANG_WARN_UNREACHABLE_CODE = YES;
				CLANG_WARN__DUPLICATE_METHOD_MATCH = YES;
				COPY_PHASE_STRIP = NO;
				DEBUG_INFORMATION_FORMAT = dwarf;
				DEVELOPMENT_TEAM = 485Q9T2R2F;
				ENABLE_STRICT_OBJC_MSGSEND = YES;
				ENABLE_TESTABILITY = YES;
				ENABLE_USER_SCRIPT_SANDBOXING = YES;
				GCC_C_LANGUAGE_STANDARD = gnu17;
				GCC_DYNAMIC_NO_PIC = NO;
				GCC_NO_COMMON_BLOCKS = YES;
				GCC_OPTIMIZATION_LEVEL = 0;
				GCC_PREPROCESSOR_DEFINITIONS = (
					"DEBUG=1",
					"$(inherited)",
				);
				GCC_WARN_64_TO_32_BIT_CONVERSION = YES;
				GCC_WARN_ABOUT_RETURN_TYPE = YES_ERROR;
				GCC_WARN_UNDECLARED_SELECTOR = YES;
				GCC_WARN_UNINITIALIZED_AUTOS = YES_AGGRESSIVE;
				GCC_WARN_UNUSED_FUNCTION = YES;
				GCC_WARN_UNUSED_VARIABLE = YES;
				IPHONEOS_DEPLOYMENT_TARGET = 26.5;
				LOCALIZATION_PREFERS_STRING_CATALOGS = YES;
				MTL_ENABLE_DEBUG_INFO = INCLUDE_SOURCE;
				MTL_FAST_MATH = YES;
				ONLY_ACTIVE_ARCH = YES;
				SDKROOT = iphoneos;
				SWIFT_ACTIVE_COMPILATION_CONDITIONS = "DEBUG $(inherited)";
				SWIFT_OPTIMIZATION_LEVEL = "-Onone";
			};
			name = Debug;
		};
		F2B35D4A2FE659AB004857E6 /* Release */ = {
			isa = XCBuildConfiguration;
			buildSettings = {
				ALWAYS_SEARCH_USER_PATHS = NO;
				ASSETCATALOG_COMPILER_GENERATE_SWIFT_ASSET_SYMBOL_EXTENSIONS = YES;
				CLANG_ANALYZER_NONNULL = YES;
				CLANG_ANALYZER_NUMBER_OBJECT_CONVERSION = YES_AGGRESSIVE;
				CLANG_CXX_LANGUAGE_STANDARD = "gnu++20";
				CLANG_ENABLE_MODULES = YES;
				CLANG_ENABLE_OBJC_ARC = YES;
				CLANG_ENABLE_OBJC_WEAK = YES;
				CLANG_WARN_BLOCK_CAPTURE_AUTORELEASING = YES;
				CLANG_WARN_BOOL_CONVERSION = YES;
				CLANG_WARN_COMMA = YES;
				CLANG_WARN_CONSTANT_CONVERSION = YES;
				CLANG_WARN_DEPRECATED_OBJC_IMPLEMENTATIONS = YES;
				CLANG_WARN_DIRECT_OBJC_ISA_USAGE = YES_ERROR;
				CLANG_WARN_DOCUMENTATION_COMMENTS = YES;
				CLANG_WARN_EMPTY_BODY = YES;
				CLANG_WARN_ENUM_CONVERSION = YES;
				CLANG_WARN_INFINITE_RECURSION = YES;
				CLANG_WARN_INT_CONVERSION = YES;
				CLANG_WARN_NON_LITERAL_NULL_CONVERSION = YES;
				CLANG_WARN_OBJC_IMPLICIT_RETAIN_SELF = YES;
				CLANG_WARN_OBJC_LITERAL_CONVERSION = YES;
				CLANG_WARN_OBJC_ROOT_CLASS = YES_ERROR;
				CLANG_WARN_QUOTED_INCLUDE_IN_FRAMEWORK_HEADER = YES;
				CLANG_WARN_RANGE_LOOP_ANALYSIS = YES;
				CLANG_WARN_STRICT_PROTOTYPES = YES;
				CLANG_WARN_SUSPICIOUS_MOVE = YES;
				CLANG_WARN_UNGUARDED_AVAILABILITY = YES_AGGRESSIVE;
				CLANG_WARN_UNREACHABLE_CODE = YES;
				CLANG_WARN__DUPLICATE_METHOD_MATCH = YES;
				COPY_PHASE_STRIP = NO;
				DEBUG_INFORMATION_FORMAT = "dwarf-with-dsym";
				DEVELOPMENT_TEAM = 485Q9T2R2F;
				ENABLE_NS_ASSERTIONS = NO;
				ENABLE_STRICT_OBJC_MSGSEND = YES;
				ENABLE_USER_SCRIPT_SANDBOXING = YES;
				GCC_C_LANGUAGE_STANDARD = gnu17;
				GCC_NO_COMMON_BLOCKS = YES;
				GCC_WARN_64_TO_32_BIT_CONVERSION = YES;
				GCC_WARN_ABOUT_RETURN_TYPE = YES_ERROR;
				GCC_WARN_UNDECLARED_SELECTOR = YES;
				GCC_WARN_UNINITIALIZED_AUTOS = YES_AGGRESSIVE;
				GCC_WARN_UNUSED_FUNCTION = YES;
				GCC_WARN_UNUSED_VARIABLE = YES;
				IPHONEOS_DEPLOYMENT_TARGET = 26.5;
				LOCALIZATION_PREFERS_STRING_CATALOGS = YES;
				MTL_ENABLE_DEBUG_INFO = NO;
				MTL_FAST_MATH = YES;
				SDKROOT = iphoneos;
				SWIFT_COMPILATION_MODE = wholemodule;
				VALIDATE_PRODUCT = YES;
			};
			name = Release;
		};
/* End XCBuildConfiguration section */

/* Begin XCConfigurationList section */
		F2B35D282FE659AB004857E6 /* Build configuration list for PBXProject "tag_ar_app" */ = {
			isa = XCConfigurationList;
			buildConfigurations = (
				F2B35D492FE659AB004857E6 /* Debug */,
				F2B35D4A2FE659AB004857E6 /* Release */,
			);
			defaultConfigurationIsVisible = 0;
			defaultConfigurationName = Release;
		};
		F2B35D462FE659AB004857E6 /* Build configuration list for PBXNativeTarget "tag_ar_app" */ = {
			isa = XCConfigurationList;
			buildConfigurations = (
				F2B35D472FE659AB004857E6 /* Debug */,
				F2B35D482FE659AB004857E6 /* Release */,
			);
			defaultConfigurationIsVisible = 0;
			defaultConfigurationName = Release;
		};
/* End XCConfigurationList section */
	};
	rootObject = F2B35D252FE659AB004857E6 /* Project object */;
}
